// !$*UTF8*$!
{
	archiveVersion = 1;
	classes = {
	};
	objectVersion = 46;
	objects = {

/* Begin PBXBuildFile section */
		A48DE52C1DEDA78E000CFE2C /* main.swift in Sources */ = {isa = PBXBuildFile; fileRef = A48DE52B1DEDA78E000CFE2C /* main.swift */; };
		A48DE5351DEDA839000CFE2C /* Jobbie.mm in Sources */ = {isa = PBXBuildFile; fileRef = A48DE5341DEDA839000CFE2C /* Jobbie.mm */; };
/* End PBXBuildFile section */

/* Begin PBXCopyFilesBuildPhase section */
		A48DE5261DEDA78D000CFE2C /* CopyFiles */ = {
			isa = PBXCopyFilesBuildPhase;
			buildActionMask = 2147483647;
			dstPath = /usr/share/man/man1/;
			dstSubfolderSpec = 0;
			files = (
			);
			runOnlyForDeploymentPostprocessing = 1;
		};
/* End PBXCopyFilesBuildPhase section */

/* Begin PBXFileReference section */
		A48DE5281DEDA78E000CFE2C /* usecpp */ = {isa = PBXFileReference; explicitFileType = "compiled.mach-o.executable"; includeInIndex = 0; path = usecpp; sourceTree = BUILT_PRODUCTS_DIR; };
		A48DE52B1DEDA78E000CFE2C /* main.swift */ = {isa = PBXFileReference; lastKnownFileType = sourcecode.swift; path = main.swift; sourceTree = "<group>"; };
		A48DE5321DEDA839000CFE2C /* usecpp-Bridging-Header.h */ = {isa = PBXFileReference; lastKnownFileType = sourcecode.c.h; path = "usecpp-Bridging-Header.h"; sourceTree = "<group>"; };
		A48DE5331DEDA839000CFE2C /* Jobbie.h */ = {isa = PBXFileReference; fileEncoding = 4; lastKnownFileType = sourcecode.c.h; path = Jobbie.h; sourceTree = "<group>"; };
		A48DE5341DEDA839000CFE2C /* Jobbie.mm */ = {isa = PBXFileReference; fileEncoding = 4; lastKnownFileType = sourcecode.cpp.objcpp; path = Jobbie.mm; sourceTree = "<group>"; };
/* End PBXFileReference section */

/* Begin PBXFrameworksBuildPhase section */
		A48DE5251DEDA78D000CFE2C /* Frameworks */ = {
			isa = PBXFrameworksBuildPhase;
			buildActionMask = 2147483647;
			files = (
			);
			runOnlyForDeploymentPostprocessing = 0;
		};
/* End PBXFrameworksBuildPhase section */

/* Begin PBXGroup section */
		A48DE51F1DEDA78D000CFE2C = {
			isa = PBXGroup;
			children = (
				A48DE52A1DEDA78E000CFE2C /* usecpp */,
				A48DE5291DEDA78E000CFE2C /* Products */,
			);
			sourceTree = "<group>";
		};
		A48DE5291DEDA78E000CFE2C /* Products */ = {
			isa = PBXGroup;
			children = (
				A48DE5281DEDA78E000CFE2C /* usecpp */,
			);
			name = Products;
			sourceTree = "<group>";
		};
		A48DE52A1DEDA78E000CFE2C /* usecpp */ = {
			isa = PBXGroup;
			children = (
				A48DE52B1DEDA78E000CFE2C /* main.swift */,
				A48DE5331DEDA839000CFE2C /* Jobbie.h */,
				A48DE5341DEDA839000CFE2C /* Jobbie.mm */,
				A48DE5321DEDA839000CFE2C /* usecpp-Bridging-Header.h */,
			);
			path = usecpp;
			sourceTree = "<group>";
		};
/* End PBXGroup section */

/* Begin PBXNativeTarget section */
		A48DE5271DEDA78D000CFE2C /* usecpp */ = {
			isa = PBXNativeTarget;
			buildConfigurationList = A48DE52F1DEDA78E000CFE2C /* Build configuration list for PBXNativeTarget "usecpp" */;
			buildPhases = (
				A48DE5241DEDA78D000CFE2C /* Sources */,
				A48DE5251DEDA78D000CFE2C /* Frameworks */,
				A48DE5261DEDA78D000CFE2C /* CopyFiles */,
			);
			buildRules = (
			);
			dependencies = (
			);
			name = usecpp;
			productName = usecpp;
			productReference = A48DE5281DEDA78E000CFE2C /* usecpp */;
			productType = "com.apple.product-type.tool";
		};
/* End PBXNativeTarget section */

/* Begin PBXProject section */
		A48DE5201DEDA78D000CFE2C /* Project object */ = {
			isa = PBXProject;
			attributes = {
				LastSwiftUpdateCheck = 0810;
				LastUpgradeCheck = 0810;
				ORGANIZATIONNAME = "Richard Hodges";
				TargetAttributes = {
					A48DE5271DEDA78D000CFE2C = {
						CreatedOnToolsVersion = 8.1;
						LastSwiftMigration = 0810;
						ProvisioningStyle = Automatic;
					};
				};
			};
			buildConfigurationList = A48DE5231DEDA78D000CFE2C /* Build configuration list for PBXProject "usecpp" */;
			compatibilityVersion = "Xcode 3.2";
			developmentRegion = English;
			hasScannedForEncodings = 0;
			knownRegions = (
				en,
			);
			mainGroup = A48DE51F1DEDA78D000CFE2C;
			productRefGroup = A48DE5291DEDA78E000CFE2C /* Products */;
			projectDirPath = "";
			projectRoot = "";
			targets = (
				A48DE5271DEDA78D000CFE2C /* usecpp */,
			);
		};
/* End PBXProject section */

/* Begin PBXSourcesBuildPhase section */
		A48DE5241DEDA78D000CFE2C /* Sources */ = {
			isa = PBXSourcesBuildPhase;
			buildActionMask = 2147483647;
			files = (
				A48DE5351DEDA839000CFE2C /* Jobbie.mm in Sources */,
				A48DE52C1DEDA78E000CFE2C /* main.swift in Sources */,
			);
			runOnlyForDeploymentPostprocessing = 0;
		};
/* End PBXSourcesBuildPhase section */

/* Begin XCBuildConfiguration section */
		A48DE52D1DEDA78E000CFE2C /* Debug */ = {
			isa = XCBuildConfiguration;
			buildSettings = {
				ALWAYS_SEARCH_USER_PATHS = NO;
				CLANG_ANALYZER_NONNULL = YES;
				CLANG_CXX_LANGUAGE_STANDARD = "gnu++0x";
				CLANG_CXX_LIBRARY = "libc++";
				CLANG_ENABLE_MODULES = YES;
				CLANG_ENABLE_OBJC_ARC = YES;
				CLANG_WARN_BOOL_CONVERSION = YES;
				CLANG_WARN_CONSTANT_CONVERSION = YES;
				CLANG_WARN_DIRECT_OBJC_ISA_USAGE = YES_ERROR;
				CLANG_WARN_DOCUMENTATION_COMMENTS = YES;
				CLANG_WARN_EMPTY_BODY = YES;
				CLANG_WARN_ENUM_CONVERSION = YES;
				CLANG_WARN_INFINITE_RECURSION = YES;
				CLANG_WARN_INT_CONVERSION = YES;
				CLANG_WARN_OBJC_ROOT_CLASS = YES_ERROR;
				CLANG_WARN_SUSPICIOUS_MOVES = YES;
				CLANG_WARN_UNREACHABLE_CODE = YES;
				CLANG_WARN__DUPLICATE_METHOD_MATCH = YES;
				CODE_SIGN_IDENTITY = "-";
				COPY_PHASE_STRIP = NO;
				DEBUG_INFORMATION_FORMAT = dwarf;
				ENABLE_STRICT_OBJC_MSGSEND = YES;
				ENABLE_TESTABILITY = YES;
				GCC_C_LANGUAGE_STANDARD = gnu99;
				GCC_DYNAMIC_NO_PIC = NO;
				GCC_NO_COMMON_BLOCKS = YES;
				GCC_OPTIMIZATION_LEVEL = 0;
				GCC_PREPROCESSOR_DEFINITIONS = (
					"DEBUG=1",
					"$(inherited)",
				);
				GCC_WARN_64_TO_32_BIT_CONVERSION = YES;
				GCC_WARN_ABOUT_RETURN_TYPE = YES_ERROR;
				GCC_WARN_UNDECLARED_SELECTOR = YES;
				GCC_WARN_UNINITIALIZED_AUTOS = YES_AGGRESSIVE;
				GCC_WARN_UNUSED_FUNCTION = YES;
				GCC_WARN_UNUSED_VARIABLE = YES;
				MACOSX_DEPLOYMENT_TARGET = 10.12;
				MTL_ENABLE_DEBUG_INFO = YES;
				ONLY_ACTIVE_ARCH = YES;
				SDKROOT = macosx;
				SWIFT_OPTIMIZATION_LEVEL = "-Onone";
			};
			name = Debug;
		};
		A48DE52E1DEDA78E000CFE2C /* Release */ = {
			isa = XCBuildConfiguration;
			buildSettings = {
				ALWAYS_SEARCH_USER_PATHS = NO;
				CLANG_ANALYZER_NONNULL = YES;
				CLANG_CXX_LANGUAGE_STANDARD = "gnu++0x";
				CLANG_CXX_LIBRARY = "libc++";
				CLANG_ENABLE_MODULES = YES;
				CLANG_ENABLE_OBJC_ARC = YES;
				CLANG_WARN_BOOL_CONVERSION = YES;
				CLANG_WARN_CONSTANT_CONVERSION = YES;
				CLANG_WARN_DIRECT_OBJC_ISA_USAGE = YES_ERROR;
				CLANG_WARN_DOCUMENTATION_COMMENTS = YES;
				CLANG_WARN_EMPTY_BODY = YES;
				CLANG_WARN_ENUM_CONVERSION = YES;
				CLANG_WARN_INFINITE_RECURSION = YES;
				CLANG_WARN_INT_CONVERSION = YES;
				CLANG_WARN_OBJC_ROOT_CLASS = YES_ERROR;
				CLANG_WARN_SUSPICIOUS_MOVES = YES;
				CLANG_WARN_UNREACHABLE_CODE = YES;
				CLANG_WARN__DUPLICATE_METHOD_MATCH = YES;
				CODE_SIGN_IDENTITY = "-";
				COPY_PHASE_STRIP = NO;
				DEBUG_INFORMATION_FORMAT = "dwarf-with-dsym";
				ENABLE_NS_ASSERTIONS = NO;
				ENABLE_STRICT_OBJC_MSGSEND = YES;
				GCC_C_LANGUAGE_STANDARD = gnu99;
				GCC_NO_COMMON_BLOCKS = YES;
				GCC_WARN_64_TO_32_BIT_CONVERSION = YES;
				GCC_WARN_ABOUT_RETURN_TYPE = YES_ERROR;
				GCC_WARN_UNDECLARED_SELECTOR = YES;
				GCC_WARN_UNINITIALIZED_AUTOS = YES_AGGRESSIVE;
				GCC_WARN_UNUSED_FUNCTION = YES;
				GCC_WARN_UNUSED_VARIABLE = YES;
				MACOSX_DEPLOYMENT_TARGET = 10.12;
				MTL_ENABLE_DEBUG_INFO = NO;
				SDKROOT = macosx;
			};
			name = Release;
		};
		A48DE5301DEDA78E000CFE2C /* Debug */ = {
			isa = XCBuildConfiguration;
			buildSettings = {
				CLANG_ENABLE_MODULES = YES;
				LD_RUNPATH_SEARCH_PATHS = "$(inherited) @executable_path/../Frameworks @loader_path/../Frameworks";
				PRODUCT_NAME = "$(TARGET_NAME)";
				SWIFT_OBJC_BRIDGING_HEADER = "usecpp/usecpp-Bridging-Header.h";
				SWIFT_OPTIMIZATION_LEVEL = "-Onone";
				SWIFT_VERSION = 3.0;
			};
			name = Debug;
		};
		A48DE5311DEDA78E000CFE2C /* Release */ = {
			isa = XCBuildConfiguration;
			buildSettings = {
				CLANG_ENABLE_MODULES = YES;
				LD_RUNPATH_SEARCH_PATHS = "$(inherited) @executable_path/../Frameworks @loader_path/../Frameworks";
				PRODUCT_NAME = "$(TARGET_NAME)";
				SWIFT_OBJC_BRIDGING_HEADER = "usecpp/usecpp-Bridging-Header.h";
				SWIFT_VERSION = 3.0;
			};
			name = Release;
		};
/* End XCBuildConfiguration section */

/* Begin XCConfigurationList section */
		A48DE5231DEDA78D000CFE2C /* Build configuration list for PBXProject "usecpp" */ = {
			isa = XCConfigurationList;
			buildConfigurations = (
				A48DE52D1DEDA78E000CFE2C /* Debug */,
				A48DE52E1DEDA78E000CFE2C /* Release */,
			);
			defaultConfigurationIsVisible = 0;
			defaultConfigurationName = Release;
		};
		A48DE52F1DEDA78E000CFE2C /* Build configuration list for PBXNativeTarget "usecpp" */ = {
			isa = XCConfigurationList;
			buildConfigurations = (
				A48DE5301DEDA78E000CFE2C /* Debug */,
				A48DE5311DEDA78E000CFE2C /* Release */,
			);
			defaultConfigurationIsVisible = 0;
		};
/* End XCConfigurationList section */
	};
	rootObject = A48DE5201DEDA78D000CFE2C /* Project object */;
}
